// !$*UTF8*$!
{
	archiveVersion = 1;
	classes = {
	};
	objectVersion = 46;
	objects = {

/* Begin PBXBuildFile section */
		5D68C8B0A08B24CEC3138256 /* libPods.a in Frameworks */ = {isa = PBXBuildFile; fileRef = 3F957A71602EB4B00B5B51F9 /* libPods.a */; };
		9ABE2D031A21F3D2009C8E2F /* PhotoView.swift in Sources */ = {isa = PBXBuildFile; fileRef = 9ABE2D021A21F3D2009C8E2F /* PhotoView.swift */; };
		9AE6BD821A202C4100BBBE1E /* AppDelegate.swift in Sources */ = {isa = PBXBuildFile; fileRef = 9AE6BD811A202C4100BBBE1E /* AppDelegate.swift */; };
		9AE6BD841A202C4100BBBE1E /* ViewController.swift in Sources */ = {isa = PBXBuildFile; fileRef = 9AE6BD831A202C4100BBBE1E /* ViewController.swift */; };
		9AE6BD891A202C4200BBBE1E /* Images.xcassets in Resources */ = {isa = PBXBuildFile; fileRef = 9AE6BD881A202C4200BBBE1E /* Images.xcassets */; };
		9AE6BD8C1A202C4200BBBE1E /* LaunchScreen.xib in Resources */ = {isa = PBXBuildFile; fileRef = 9AE6BD8A1A202C4200BBBE1E /* LaunchScreen.xib */; };
		9AE6BD981A202C4200BBBE1E /* MeshiteroTests.swift in Sources */ = {isa = PBXBuildFile; fileRef = 9AE6BD971A202C4200BBBE1E /* MeshiteroTests.swift */; };
		9AE6BDA21A2030CA00BBBE1E /* meshi.jpg in Resources */ = {isa = PBXBuildFile; fileRef = 9AE6BDA11A2030CA00BBBE1E /* meshi.jpg */; };
		9AE6BDA61A20B2C700BBBE1E /* PhotoCell.swift in Sources */ = {isa = PBXBuildFile; fileRef = 9AE6BDA51A20B2C700BBBE1E /* PhotoCell.swift */; };
		9AE6BDA81A20B64300BBBE1E /* PhotoCell.xib in Resources */ = {isa = PBXBuildFile; fileRef = 9AE6BDA71A20B64300BBBE1E /* PhotoCell.xib */; };
/* End PBXBuildFile section */

/* Begin PBXContainerItemProxy section */
		9AE6BD921A202C4200BBBE1E /* PBXContainerItemProxy */ = {
			isa = PBXContainerItemProxy;
			containerPortal = 9AE6BD741A202C4100BBBE1E /* Project object */;
			proxyType = 1;
			remoteGlobalIDString = 9AE6BD7B1A202C4100BBBE1E;
			remoteInfo = Meshitero;
		};
/* End PBXContainerItemProxy section */

/* Begin PBXFileReference section */
		3F957A71602EB4B00B5B51F9 /* libPods.a */ = {isa = PBXFileReference; explicitFileType = archive.ar; includeInIndex = 0; path = libPods.a; sourceTree = BUILT_PRODUCTS_DIR; };
		71F0DCD91C4BDB958BA3B07A /* Pods.debug.xcconfig */ = {isa = PBXFileReference; includeInIndex = 1; lastKnownFileType = text.xcconfig; name = Pods.debug.xcconfig; path = "Pods/Target Support Files/Pods/Pods.debug.xcconfig"; sourceTree = "<group>"; };
		95FD08E13C24F3A153362779 /* Pods.release.xcconfig */ = {isa = PBXFileReference; includeInIndex = 1; lastKnownFileType = text.xcconfig; name = Pods.release.xcconfig; path = "Pods/Target Support Files/Pods/Pods.release.xcconfig"; sourceTree = "<group>"; };
		9A8BE7A31A22AAE8008E8E9E /* Meshitero-Bridging-Header.h */ = {isa = PBXFileReference; lastKnownFileType = sourcecode.c.h; path = "Meshitero-Bridging-Header.h"; sourceTree = "<group>"; };
		9ABE2D021A21F3D2009C8E2F /* PhotoView.swift */ = {isa = PBXFileReference; fileEncoding = 4; lastKnownFileType = sourcecode.swift; path = PhotoView.swift; sourceTree = "<group>"; };
		9AE6BD7C1A202C4100BBBE1E /* Meshitero.app */ = {isa = PBXFileReference; explicitFileType = wrapper.application; includeInIndex = 0; path = Meshitero.app; sourceTree = BUILT_PRODUCTS_DIR; };
		9AE6BD801A202C4100BBBE1E /* Info.plist */ = {isa = PBXFileReference; lastKnownFileType = text.plist.xml; path = Info.plist; sourceTree = "<group>"; };
		9AE6BD811A202C4100BBBE1E /* AppDelegate.swift */ = {isa = PBXFileReference; lastKnownFileType = sourcecode.swift; path = AppDelegate.swift; sourceTree = "<group>"; };
		9AE6BD831A202C4100BBBE1E /* ViewController.swift */ = {isa = PBXFileReference; lastKnownFileType = sourcecode.swift; path = ViewController.swift; sourceTree = "<group>"; };
		9AE6BD881A202C4200BBBE1E /* Images.xcassets */ = {isa = PBXFileReference; lastKnownFileType = folder.assetcatalog; path = Images.xcassets; sourceTree = "<group>"; };
		9AE6BD8B1A202C4200BBBE1E /* Base */ = {isa = PBXFileReference; lastKnownFileType = file.xib; name = Base; path = Base.lproj/LaunchScreen.xib; sourceTree = "<group>"; };
		9AE6BD911A202C4200BBBE1E /* MeshiteroTests.xctest */ = {isa = PBXFileReference; explicitFileType = wrapper.cfbundle; includeInIndex = 0; path = MeshiteroTests.xctest; sourceTree = BUILT_PRODUCTS_DIR; };
		9AE6BD961A202C4200BBBE1E /* Info.plist */ = {isa = PBXFileReference; lastKnownFileType = text.plist.xml; path = Info.plist; sourceTree = "<group>"; };
		9AE6BD971A202C4200BBBE1E /* MeshiteroTests.swift */ = {isa = PBXFileReference; lastKnownFileType = sourcecode.swift; path = MeshiteroTests.swift; sourceTree = "<group>"; };
		9AE6BDA11A2030CA00BBBE1E /* meshi.jpg */ = {isa = PBXFileReference; lastKnownFileType = image.jpeg; path = meshi.jpg; sourceTree = "<group>"; };
		9AE6BDA51A20B2C700BBBE1E /* PhotoCell.swift */ = {isa = PBXFileReference; fileEncoding = 4; lastKnownFileType = sourcecode.swift; path = PhotoCell.swift; sourceTree = "<group>"; };
		9AE6BDA71A20B64300BBBE1E /* PhotoCell.xib */ = {isa = PBXFileReference; fileEncoding = 4; lastKnownFileType = file.xib; path = PhotoCell.xib; sourceTree = "<group>"; };
/* End PBXFileReference section */

/* Begin PBXFrameworksBuildPhase section */
		9AE6BD791A202C4100BBBE1E /* Frameworks */ = {
			isa = PBXFrameworksBuildPhase;
			buildActionMask = 2147483647;
			files = (
				5D68C8B0A08B24CEC3138256 /* libPods.a in Frameworks */,
			);
			runOnlyForDeploymentPostprocessing = 0;
		};
		9AE6BD8E1A202C4200BBBE1E /* Frameworks */ = {
			isa = PBXFrameworksBuildPhase;
			buildActionMask = 2147483647;
			files = (
			);
			runOnlyForDeploymentPostprocessing = 0;
		};
/* End PBXFrameworksBuildPhase section */

/* Begin PBXGroup section */
		0369F43D66BF9642F7C37547 /* Pods */ = {
			isa = PBXGroup;
			children = (
				71F0DCD91C4BDB958BA3B07A /* Pods.debug.xcconfig */,
				95FD08E13C24F3A153362779 /* Pods.release.xcconfig */,
			);
			name = Pods;
			sourceTree = "<group>";
		};
		39EDDDE8ECF7CC618365F1A0 /* Frameworks */ = {
			isa = PBXGroup;
			children = (
				3F957A71602EB4B00B5B51F9 /* libPods.a */,
			);
			name = Frameworks;
			sourceTree = "<group>";
		};
		9AE6BD731A202C4100BBBE1E = {
			isa = PBXGroup;
			children = (
				9AE6BD7E1A202C4100BBBE1E /* Meshitero */,
				9AE6BD941A202C4200BBBE1E /* MeshiteroTests */,
				9AE6BD7D1A202C4100BBBE1E /* Products */,
				0369F43D66BF9642F7C37547 /* Pods */,
				39EDDDE8ECF7CC618365F1A0 /* Frameworks */,
			);
			sourceTree = "<group>";
		};
		9AE6BD7D1A202C4100BBBE1E /* Products */ = {
			isa = PBXGroup;
			children = (
				9AE6BD7C1A202C4100BBBE1E /* Meshitero.app */,
				9AE6BD911A202C4200BBBE1E /* MeshiteroTests.xctest */,
			);
			name = Products;
			sourceTree = "<group>";
		};
		9AE6BD7E1A202C4100BBBE1E /* Meshitero */ = {
			isa = PBXGroup;
			children = (
				9AE6BDA11A2030CA00BBBE1E /* meshi.jpg */,
				9AE6BD811A202C4100BBBE1E /* AppDelegate.swift */,
				9AE6BD831A202C4100BBBE1E /* ViewController.swift */,
				9AE6BD881A202C4200BBBE1E /* Images.xcassets */,
				9AE6BD8A1A202C4200BBBE1E /* LaunchScreen.xib */,
				9AE6BD7F1A202C4100BBBE1E /* Supporting Files */,
				9AE6BDA51A20B2C700BBBE1E /* PhotoCell.swift */,
				9AE6BDA71A20B64300BBBE1E /* PhotoCell.xib */,
				9ABE2D021A21F3D2009C8E2F /* PhotoView.swift */,
				9A8BE7A31A22AAE8008E8E9E /* Meshitero-Bridging-Header.h */,
			);
			path = Meshitero;
			sourceTree = "<group>";
		};
		9AE6BD7F1A202C4100BBBE1E /* Supporting Files */ = {
			isa = PBXGroup;
			children = (
				9AE6BD801A202C4100BBBE1E /* Info.plist */,
			);
			name = "Supporting Files";
			sourceTree = "<group>";
		};
		9AE6BD941A202C4200BBBE1E /* MeshiteroTests */ = {
			isa = PBXGroup;
			children = (
				9AE6BD971A202C4200BBBE1E /* MeshiteroTests.swift */,
				9AE6BD951A202C4200BBBE1E /* Supporting Files */,
			);
			path = MeshiteroTests;
			sourceTree = "<group>";
		};
		9AE6BD951A202C4200BBBE1E /* Supporting Files */ = {
			isa = PBXGroup;
			children = (
				9AE6BD961A202C4200BBBE1E /* Info.plist */,
			);
			name = "Supporting Files";
			sourceTree = "<group>";
		};
/* End PBXGroup section */

/* Begin PBXNativeTarget section */
		9AE6BD7B1A202C4100BBBE1E /* Meshitero */ = {
			isa = PBXNativeTarget;
			buildConfigurationList = 9AE6BD9B1A202C4200BBBE1E /* Build configuration list for PBXNativeTarget "Meshitero" */;
			buildPhases = (
				1535CF51C3C20872467C3D54 /* Check Pods Manifest.lock */,
				9AE6BD781A202C4100BBBE1E /* Sources */,
				9AE6BD791A202C4100BBBE1E /* Frameworks */,
				9AE6BD7A1A202C4100BBBE1E /* Resources */,
				B309D11542E89A2D71F9C8B5 /* Copy Pods Resources */,
			);
			buildRules = (
			);
			dependencies = (
			);
			name = Meshitero;
			productName = Meshitero;
			productReference = 9AE6BD7C1A202C4100BBBE1E /* Meshitero.app */;
			productType = "com.apple.product-type.application";
		};
		9AE6BD901A202C4200BBBE1E /* MeshiteroTests */ = {
			isa = PBXNativeTarget;
			buildConfigurationList = 9AE6BD9E1A202C4200BBBE1E /* Build configuration list for PBXNativeTarget "MeshiteroTests" */;
			buildPhases = (
				9AE6BD8D1A202C4200BBBE1E /* Sources */,
				9AE6BD8E1A202C4200BBBE1E /* Frameworks */,
				9AE6BD8F1A202C4200BBBE1E /* Resources */,
			);
			buildRules = (
			);
			dependencies = (
				9AE6BD931A202C4200BBBE1E /* PBXTargetDependency */,
			);
			name = MeshiteroTests;
			productName = MeshiteroTests;
			productReference = 9AE6BD911A202C4200BBBE1E /* MeshiteroTests.xctest */;
			productType = "com.apple.product-type.bundle.unit-test";
		};
/* End PBXNativeTarget section */

/* Begin PBXProject section */
		9AE6BD741A202C4100BBBE1E /* Project object */ = {
			isa = PBXProject;
			attributes = {
				LastUpgradeCheck = 0610;
				ORGANIZATIONNAME = naoyashiga;
				TargetAttributes = {
					9AE6BD7B1A202C4100BBBE1E = {
						CreatedOnToolsVersion = 6.1;
					};
					9AE6BD901A202C4200BBBE1E = {
						CreatedOnToolsVersion = 6.1;
						TestTargetID = 9AE6BD7B1A202C4100BBBE1E;
					};
				};
			};
			buildConfigurationList = 9AE6BD771A202C4100BBBE1E /* Build configuration list for PBXProject "Meshitero" */;
			compatibilityVersion = "Xcode 3.2";
			developmentRegion = English;
			hasScannedForEncodings = 0;
			knownRegions = (
				en,
				Base,
			);
			mainGroup = 9AE6BD731A202C4100BBBE1E;
			productRefGroup = 9AE6BD7D1A202C4100BBBE1E /* Products */;
			projectDirPath = "";
			projectRoot = "";
			targets = (
				9AE6BD7B1A202C4100BBBE1E /* Meshitero */,
				9AE6BD901A202C4200BBBE1E /* MeshiteroTests */,
			);
		};
/* End PBXProject section */

/* Begin PBXResourcesBuildPhase section */
		9AE6BD7A1A202C4100BBBE1E /* Resources */ = {
			isa = PBXResourcesBuildPhase;
			buildActionMask = 2147483647;
			files = (
				9AE6BDA81A20B64300BBBE1E /* PhotoCell.xib in Resources */,
				9AE6BD8C1A202C4200BBBE1E /* LaunchScreen.xib in Resources */,
				9AE6BDA21A2030CA00BBBE1E /* meshi.jpg in Resources */,
				9AE6BD891A202C4200BBBE1E /* Images.xcassets in Resources */,
			);
			runOnlyForDeploymentPostprocessing = 0;
		};
		9AE6BD8F1A202C4200BBBE1E /* Resources */ = {
			isa = PBXResourcesBuildPhase;
			buildActionMask = 2147483647;
			files = (
			);
			runOnlyForDeploymentPostprocessing = 0;
		};
/* End PBXResourcesBuildPhase section */

/* Begin PBXShellScriptBuildPhase section */
		1535CF51C3C20872467C3D54 /* Check Pods Manifest.lock */ = {
			isa = PBXShellScriptBuildPhase;
			buildActionMask = 2147483647;
			files = (
			);
			inputPaths = (
			);
			name = "Check Pods Manifest.lock";
			outputPaths = (
			);
			runOnlyForDeploymentPostprocessing = 0;
			shellPath = /bin/sh;
			shellScript = "diff \"${PODS_ROOT}/../Podfile.lock\" \"${PODS_ROOT}/Manifest.lock\" > /dev/null\nif [[ $? != 0 ]] ; then\n    cat << EOM\nerror: The sandbox is not in sync with the Podfile.lock. Run 'pod install' or update your CocoaPods installation.\nEOM\n    exit 1\nfi\n";
			showEnvVarsInLog = 0;
		};
		B309D11542E89A2D71F9C8B5 /* Copy Pods Resources */ = {
			isa = PBXShellScriptBuildPhase;
			buildActionMask = 2147483647;
			files = (
			);
			inputPaths = (
			);
			name = "Copy Pods Resources";
			outputPaths = (
			);
			runOnlyForDeploymentPostprocessing = 0;
			shellPath = /bin/sh;
			shellScript = "\"${SRCROOT}/Pods/Target Support Files/Pods/Pods-resources.sh\"\n";
			showEnvVarsInLog = 0;
		};
/* End PBXShellScriptBuildPhase section */

/* Begin PBXSourcesBuildPhase section */
		9AE6BD781A202C4100BBBE1E /* Sources */ = {
			isa = PBXSourcesBuildPhase;
			buildActionMask = 2147483647;
			files = (
				9AE6BD841A202C4100BBBE1E /* ViewController.swift in Sources */,
				9AE6BDA61A20B2C700BBBE1E /* PhotoCell.swift in Sources */,
				9AE6BD821A202C4100BBBE1E /* AppDelegate.swift in Sources */,
				9ABE2D031A21F3D2009C8E2F /* PhotoView.swift in Sources */,
			);
			runOnlyForDeploymentPostprocessing = 0;
		};
		9AE6BD8D1A202C4200BBBE1E /* Sources */ = {
			isa = PBXSourcesBuildPhase;
			buildActionMask = 2147483647;
			files = (
				9AE6BD981A202C4200BBBE1E /* MeshiteroTests.swift in Sources */,
			);
			runOnlyForDeploymentPostprocessing = 0;
		};
/* End PBXSourcesBuildPhase section */

/* Begin PBXTargetDependency section */
		9AE6BD931A202C4200BBBE1E /* PBXTargetDependency */ = {
			isa = PBXTargetDependency;
			target = 9AE6BD7B1A202C4100BBBE1E /* Meshitero */;
			targetProxy = 9AE6BD921A202C4200BBBE1E /* PBXContainerItemProxy */;
		};
/* End PBXTargetDependency section */

/* Begin PBXVariantGroup section */
		9AE6BD8A1A202C4200BBBE1E /* LaunchScreen.xib */ = {
			isa = PBXVariantGroup;
			children = (
				9AE6BD8B1A202C4200BBBE1E /* Base */,
			);
			name = LaunchScreen.xib;
			sourceTree = "<group>";
		};
/* End PBXVariantGroup section */

/* Begin XCBuildConfiguration section */
		9AE6BD991A202C4200BBBE1E /* Debug */ = {
			isa = XCBuildConfiguration;
			buildSettings = {
				ALWAYS_SEARCH_USER_PATHS = NO;
				CLANG_CXX_LANGUAGE_STANDARD = "gnu++0x";
				CLANG_CXX_LIBRARY = "libc++";
				CLANG_ENABLE_MODULES = YES;
				CLANG_ENABLE_OBJC_ARC = YES;
				CLANG_WARN_BOOL_CONVERSION = YES;
				CLANG_WARN_CONSTANT_CONVERSION = YES;
				CLANG_WARN_DIRECT_OBJC_ISA_USAGE = YES_ERROR;
				CLANG_WARN_EMPTY_BODY = YES;
				CLANG_WARN_ENUM_CONVERSION = YES;
				CLANG_WARN_INT_CONVERSION = YES;
				CLANG_WARN_OBJC_ROOT_CLASS = YES_ERROR;
				CLANG_WARN_UNREACHABLE_CODE = YES;
				CLANG_WARN__DUPLICATE_METHOD_MATCH = YES;
				CODE_SIGN_IDENTITY = "iPhone Developer: Naoya Sugimoto (5JW3B2ZP2Q)";
				"CODE_SIGN_IDENTITY[sdk=iphoneos*]" = "iPhone Developer: Naoya Sugimoto (5JW3B2ZP2Q)";
				COPY_PHASE_STRIP = NO;
				ENABLE_STRICT_OBJC_MSGSEND = YES;
				GCC_C_LANGUAGE_STANDARD = gnu99;
				GCC_DYNAMIC_NO_PIC = NO;
				GCC_OPTIMIZATION_LEVEL = 0;
				GCC_PREPROCESSOR_DEFINITIONS = (
					"DEBUG=1",
					"$(inherited)",
				);
				GCC_SYMBOLS_PRIVATE_EXTERN = NO;
				GCC_WARN_64_TO_32_BIT_CONVERSION = YES;
				GCC_WARN_ABOUT_RETURN_TYPE = YES_ERROR;
				GCC_WARN_UNDECLARED_SELECTOR = YES;
				GCC_WARN_UNINITIALIZED_AUTOS = YES_AGGRESSIVE;
				GCC_WARN_UNUSED_FUNCTION = YES;
				GCC_WARN_UNUSED_VARIABLE = YES;
				IPHONEOS_DEPLOYMENT_TARGET = 8.1;
				MTL_ENABLE_DEBUG_INFO = YES;
				ONLY_ACTIVE_ARCH = YES;
				PROVISIONING_PROFILE = "4e54059e-6601-45f1-b5a2-5e58085275a6";
				SDKROOT = iphoneos;
				SWIFT_OPTIMIZATION_LEVEL = "-Onone";
				TARGETED_DEVICE_FAMILY = "1,2";
			};
			name = Debug;
		};
		9AE6BD9A1A202C4200BBBE1E /* Release */ = {
			isa = XCBuildConfiguration;
			buildSettings = {
				ALWAYS_SEARCH_USER_PATHS = NO;
				CLANG_CXX_LANGUAGE_STANDARD = "gnu++0x";
				CLANG_CXX_LIBRARY = "libc++";
				CLANG_ENABLE_MODULES = YES;
				CLANG_ENABLE_OBJC_ARC = YES;
				CLANG_WARN_BOOL_CONVERSION = YES;
				CLANG_WARN_CONSTANT_CONVERSION = YES;
				CLANG_WARN_DIRECT_OBJC_ISA_USAGE = YES_ERROR;
				CLANG_WARN_EMPTY_BODY = YES;
				CLANG_WARN_ENUM_CONVERSION = YES;
				CLANG_WARN_INT_CONVERSION = YES;
				CLANG_WARN_OBJC_ROOT_CLASS = YES_ERROR;
				CLANG_WARN_UNREACHABLE_CODE = YES;
				CLANG_WARN__DUPLICATE_METHOD_MATCH = YES;
				CODE_SIGN_IDENTITY = "iPhone Developer: Naoya Sugimoto (5JW3B2ZP2Q)";
				"CODE_SIGN_IDENTITY[sdk=iphoneos*]" = "iPhone Developer: Naoya Sugimoto (5JW3B2ZP2Q)";
				COPY_PHASE_STRIP = YES;
				ENABLE_NS_ASSERTIONS = NO;
				ENABLE_STRICT_OBJC_MSGSEND = YES;
				GCC_C_LANGUAGE_STANDARD = gnu99;
				GCC_WARN_64_TO_32_BIT_CONVERSION = YES;
				GCC_WARN_ABOUT_RETURN_TYPE = YES_ERROR;
				GCC_WARN_UNDECLARED_SELECTOR = YES;
				GCC_WARN_UNINITIALIZED_AUTOS = YES_AGGRESSIVE;
				GCC_WARN_UNUSED_FUNCTION = YES;
				GCC_WARN_UNUSED_VARIABLE = YES;
				IPHONEOS_DEPLOYMENT_TARGET = 8.1;
				MTL_ENABLE_DEBUG_INFO = NO;
				PROVISIONING_PROFILE = "4e54059e-6601-45f1-b5a2-5e58085275a6";
				SDKROOT = iphoneos;
				TARGETED_DEVICE_FAMILY = "1,2";
				VALIDATE_PRODUCT = YES;
			};
			name = Release;
		};
		9AE6BD9C1A202C4200BBBE1E /* Debug */ = {
			isa = XCBuildConfiguration;
			baseConfigurationReference = 71F0DCD91C4BDB958BA3B07A /* Pods.debug.xcconfig */;
			buildSettings = {
				ASSETCATALOG_COMPILER_APPICON_NAME = AppIcon;
				CLANG_ENABLE_MODULES = YES;
				CODE_SIGN_IDENTITY = "iPhone Developer: Naoya Sugimoto (5JW3B2ZP2Q)";
				INFOPLIST_FILE = Meshitero/Info.plist;
				IPHONEOS_DEPLOYMENT_TARGET = 8.0;
				LD_RUNPATH_SEARCH_PATHS = "$(inherited) @executable_path/Frameworks";
				PRODUCT_NAME = "$(TARGET_NAME)";
				PROVISIONING_PROFILE = "4e54059e-6601-45f1-b5a2-5e58085275a6";
				SWIFT_OBJC_BRIDGING_HEADER = "Meshitero/Meshitero-Bridging-Header.h";
				SWIFT_OPTIMIZATION_LEVEL = "-Onone";
				TARGETED_DEVICE_FAMILY = 1;
			};
			name = Debug;
		};
		9AE6BD9D1A202C4200BBBE1E /* Release */ = {
			isa = XCBuildConfiguration;
			baseConfigurationReference = 95FD08E13C24F3A153362779 /* Pods.release.xcconfig */;
			buildSettings = {
				ASSETCATALOG_COMPILER_APPICON_NAME = AppIcon;
				CLANG_ENABLE_MODULES = YES;
				CODE_SIGN_IDENTITY = "iPhone Developer: Naoya Sugimoto (5JW3B2ZP2Q)";
				INFOPLIST_FILE = Meshitero/Info.plist;
				IPHONEOS_DEPLOYMENT_TARGET = 8.0;
				LD_RUNPATH_SEARCH_PATHS = "$(inherited) @executable_path/Frameworks";
				PRODUCT_NAME = "$(TARGET_NAME)";
				PROVISIONING_PROFILE = "4e54059e-6601-45f1-b5a2-5e58085275a6";
				SWIFT_OBJC_BRIDGING_HEADER = "Meshitero/Meshitero-Bridging-Header.h";
				TARGETED_DEVICE_FAMILY = 1;
			};
			name = Release;
		};
		9AE6BD9F1A202C4200BBBE1E /* Debug */ = {
			isa = XCBuildConfiguration;
			buildSettings = {
				BUNDLE_LOADER = "$(TEST_HOST)";
				FRAMEWORK_SEARCH_PATHS = (
					"$(SDKROOT)/Developer/Library/Frameworks",
					"$(inherited)",
				);
				GCC_PREPROCESSOR_DEFINITIONS = (
					"DEBUG=1",
					"$(inherited)",
				);
				INFOPLIST_FILE = MeshiteroTests/Info.plist;
				LD_RUNPATH_SEARCH_PATHS = "$(inherited) @executable_path/Frameworks @loader_path/Frameworks";
				PRODUCT_NAME = "$(TARGET_NAME)";
				TEST_HOST = "$(BUILT_PRODUCTS_DIR)/Meshitero.app/Meshitero";
			};
			name = Debug;
		};
		9AE6BDA01A202C4200BBBE1E /* Release */ = {
			isa = XCBuildConfiguration;
			buildSettings = {
				BUNDLE_LOADER = "$(TEST_HOST)";
				FRAMEWORK_SEARCH_PATHS = (
					"$(SDKROOT)/Developer/Library/Frameworks",
					"$(inherited)",
				);
				INFOPLIST_FILE = MeshiteroTests/Info.plist;
				LD_RUNPATH_SEARCH_PATHS = "$(inherited) @executable_path/Frameworks @loader_path/Frameworks";
				PRODUCT_NAME = "$(TARGET_NAME)";
				TEST_HOST = "$(BUILT_PRODUCTS_DIR)/Meshitero.app/Meshitero";
			};
			name = Release;
		};
/* End XCBuildConfiguration section */

/* Begin XCConfigurationList section */
		9AE6BD771A202C4100BBBE1E /* Build configuration list for PBXProject "Meshitero" */ = {
			isa = XCConfigurationList;
			buildConfigurations = (
				9AE6BD991A202C4200BBBE1E /* Debug */,
				9AE6BD9A1A202C4200BBBE1E /* Release */,
			);
			defaultConfigurationIsVisible = 0;
			defaultConfigurationName = Release;
		};
		9AE6BD9B1A202C4200BBBE1E /* Build configuration list for PBXNativeTarget "Meshitero" */ = {
			isa = XCConfigurationList;
			buildConfigurations = (
				9AE6BD9C1A202C4200BBBE1E /* Debug */,
				9AE6BD9D1A202C4200BBBE1E /* Release */,
			);
			defaultConfigurationIsVisible = 0;
			defaultConfigurationName = Release;
		};
		9AE6BD9E1A202C4200BBBE1E /* Build configuration list for PBXNativeTarget "MeshiteroTests" */ = {
			isa = XCConfigurationList;
			buildConfigurations = (
				9AE6BD9F1A202C4200BBBE1E /* Debug */,
				9AE6BDA01A202C4200BBBE1E /* Release */,
			);
			defaultConfigurationIsVisible = 0;
			defaultConfigurationName = Release;
		};
/* End XCConfigurationList section */
	};
	rootObject = 9AE6BD741A202C4100BBBE1E /* Project object */;
}
